
Microsoft Visual Studio Solution File, Format Version 12.00
# Visual Studio Version 16
VisualStudioVersion = 16.0.31112.23
MinimumVisualStudioVersion = 10.0.40219.1
Project("{FAE04EC0-301F-11D3-BF4B-00C04F79EFBC}") = "Praktika3", "Praktika2.3\Praktika3.csproj", "{599071FD-7F0E-4A09-B783-4F73E1DFB4ED}"
EndProject
Global
	GlobalSection(SolutionConfigurationPlatforms) = preSolution
		Debug|Any CPU = Debug|Any CPU
		Release|Any CPU = Release|Any CPU
	EndGlobalSection
	GlobalSection(ProjectConfigurationPlatforms) = postSolution
		{599071FD-7F0E-4A09-B783-4F73E1DFB4ED}.Debug|Any CPU.ActiveCfg = Debug|Any CPU
		{599071FD-7F0E-4A09-B783-4F73E1DFB4ED}.Debug|Any CPU.Build.0 = Debug|Any CPU
		{599071FD-7F0E-4A09-B783-4F73E1DFB4ED}.Release|Any CPU.ActiveCfg = Release|Any CPU
		{599071FD-7F0E-4A09-B783-4F73E1DFB4ED}.Release|Any CPU.Build.0 = Release|Any CPU
	EndGlobalSection
	GlobalSection(SolutionProperties) = preSolution
		HideSolutionNode = FALSE
	EndGlobalSection
	GlobalSection(ExtensibilityGlobals) = postSolution
		SolutionGuid = {FFF1EC60-85E8-4134-B2EF-D6241C5C7E40}
	EndGlobalSection
EndGlobal
